
Microsoft Visual Studio Solution File, Format Version 12.00
# Visual Studio Version 16
VisualStudioVersion = 16.0.31205.134
MinimumVisualStudioVersion = 10.0.40219.1
Project("{FAE04EC0-301F-11D3-BF4B-00C04F79EFBC}") = "01_Challenge_Console", "GoldBadgeChallenge_ConsoleApp\01_Challenge_Console.csproj", "{AEC54785-BC8B-4F84-957B-7D119EBFE122}"
EndProject
Project("{FAE04EC0-301F-11D3-BF4B-00C04F79EFBC}") = "01_Challenge_Test", "01_Challenge_Test\01_Challenge_Test.csproj", "{A71EAD39-5AA7-4EC6-8327-5C103108A6D3}"
EndProject
Project("{FAE04EC0-301F-11D3-BF4B-00C04F79EFBC}") = "01_Challenge_Repository", "01_Challenge_Repository\01_Challenge_Repository.csproj", "{8284E9E3-3A23-4F7A-B851-0F1B4F4C74E2}"
EndProject
Project("{FAE04EC0-301F-11D3-BF4B-00C04F79EFBC}") = "02_Challenge_Console", "02_Challenge_Console\02_Challenge_Console.csproj", "{420D38CE-E9AC-40A9-ADF2-EE129E1CFB3B}"
EndProject
Project("{FAE04EC0-301F-11D3-BF4B-00C04F79EFBC}") = "02_Challenge_Repository", "02_Challenge_Repository\02_Challenge_Repository.csproj", "{CE805654-17F0-408E-95EE-84539897B21E}"
EndProject
Project("{FAE04EC0-301F-11D3-BF4B-00C04F79EFBC}") = "02_Challenge_Test", "02_Challenge_Test\02_Challenge_Test.csproj", "{9A61214C-F4BE-431F-860A-FD050BD5C9C7}"
EndProject
Global
	GlobalSection(SolutionConfigurationPlatforms) = preSolution
		Debug|Any CPU = Debug|Any CPU
		Release|Any CPU = Release|Any CPU
	EndGlobalSection
	GlobalSection(ProjectConfigurationPlatforms) = postSolution
		{AEC54785-BC8B-4F84-957B-7D119EBFE122}.Debug|Any CPU.ActiveCfg = Debug|Any CPU
		{AEC54785-BC8B-4F84-957B-7D119EBFE122}.Debug|Any CPU.Build.0 = Debug|Any CPU
		{AEC54785-BC8B-4F84-957B-7D119EBFE122}.Release|Any CPU.ActiveCfg = Release|Any CPU
		{AEC54785-BC8B-4F84-957B-7D119EBFE122}.Release|Any CPU.Build.0 = Release|Any CPU
		{A71EAD39-5AA7-4EC6-8327-5C103108A6D3}.Debug|Any CPU.ActiveCfg = Debug|Any CPU
		{A71EAD39-5AA7-4EC6-8327-5C103108A6D3}.Debug|Any CPU.Build.0 = Debug|Any CPU
		{A71EAD39-5AA7-4EC6-8327-5C103108A6D3}.Release|Any CPU.ActiveCfg = Release|Any CPU
		{A71EAD39-5AA7-4EC6-8327-5C103108A6D3}.Release|Any CPU.Build.0 = Release|Any CPU
		{8284E9E3-3A23-4F7A-B851-0F1B4F4C74E2}.Debug|Any CPU.ActiveCfg = Debug|Any CPU
		{8284E9E3-3A23-4F7A-B851-0F1B4F4C74E2}.Debug|Any CPU.Build.0 = Debug|Any CPU
		{8284E9E3-3A23-4F7A-B851-0F1B4F4C74E2}.Release|Any CPU.ActiveCfg = Release|Any CPU
		{8284E9E3-3A23-4F7A-B851-0F1B4F4C74E2}.Release|Any CPU.Build.0 = Release|Any CPU
		{420D38CE-E9AC-40A9-ADF2-EE129E1CFB3B}.Debug|Any CPU.ActiveCfg = Debug|Any CPU
		{420D38CE-E9AC-40A9-ADF2-EE129E1CFB3B}.Debug|Any CPU.Build.0 = Debug|Any CPU
		{420D38CE-E9AC-40A9-ADF2-EE129E1CFB3B}.Release|Any CPU.ActiveCfg = Release|Any CPU
		{420D38CE-E9AC-40A9-ADF2-EE129E1CFB3B}.Release|Any CPU.Build.0 = Release|Any CPU
		{CE805654-17F0-408E-95EE-84539897B21E}.Debug|Any CPU.ActiveCfg = Debug|Any CPU
		{CE805654-17F0-408E-95EE-84539897B21E}.Debug|Any CPU.Build.0 = Debug|Any CPU
		{CE805654-17F0-408E-95EE-84539897B21E}.Release|Any CPU.ActiveCfg = Release|Any CPU
		{CE805654-17F0-408E-95EE-84539897B21E}.Release|Any CPU.Build.0 = Release|Any CPU
		{9A61214C-F4BE-431F-860A-FD050BD5C9C7}.Debug|Any CPU.ActiveCfg = Debug|Any CPU
		{9A61214C-F4BE-431F-860A-FD050BD5C9C7}.Debug|Any CPU.Build.0 = Debug|Any CPU
		{9A61214C-F4BE-431F-860A-FD050BD5C9C7}.Release|Any CPU.ActiveCfg = Release|Any CPU
		{9A61214C-F4BE-431F-860A-FD050BD5C9C7}.Release|Any CPU.Build.0 = Release|Any CPU
	EndGlobalSection
	GlobalSection(SolutionProperties) = preSolution
		HideSolutionNode = FALSE
	EndGlobalSection
	GlobalSection(ExtensibilityGlobals) = postSolution
		SolutionGuid = {F88DE9D2-9B21-48F7-9B4D-EBB3895141F9}
	EndGlobalSection
EndGlobal
